// !$*UTF8*$!
{
	archiveVersion = 1;
	classes = {
	};
	objectVersion = 46;
	objects = {

/* Begin PBXBuildFile section */
		55048C501C8E8FD4000A3A64 /* AppDelegate.swift in Sources */ = {isa = PBXBuildFile; fileRef = 55048C4F1C8E8FD4000A3A64 /* AppDelegate.swift */; };
		55048C521C8E8FD4000A3A64 /* ViewController.swift in Sources */ = {isa = PBXBuildFile; fileRef = 55048C511C8E8FD4000A3A64 /* ViewController.swift */; };
		55048C541C8E8FD4000A3A64 /* Assets.xcassets in Resources */ = {isa = PBXBuildFile; fileRef = 55048C531C8E8FD4000A3A64 /* Assets.xcassets */; };
		55048C571C8E8FD4000A3A64 /* Main.storyboard in Resources */ = {isa = PBXBuildFile; fileRef = 55048C551C8E8FD4000A3A64 /* Main.storyboard */; };
		55048C621C8E8FD4000A3A64 /* QuestionExampleTests.swift in Sources */ = {isa = PBXBuildFile; fileRef = 55048C611C8E8FD4000A3A64 /* QuestionExampleTests.swift */; };
		55048C6D1C8E8FD4000A3A64 /* QuestionExampleUITests.swift in Sources */ = {isa = PBXBuildFile; fileRef = 55048C6C1C8E8FD4000A3A64 /* QuestionExampleUITests.swift */; };
		55630176207847E3002793E4 /* KeychainAccess.framework in Frameworks */ = {isa = PBXBuildFile; fileRef = 55CFE2461C855C10001160C7 /* KeychainAccess.framework */; };
		55630177207847ED002793E4 /* OAuthSwift.framework in Frameworks */ = {isa = PBXBuildFile; fileRef = 55CFE2471C855C10001160C7 /* OAuthSwift.framework */; };
		5581956C1CEB7315005AA34E /* Config.swift in Sources */ = {isa = PBXBuildFile; fileRef = 5581956B1CEB7315005AA34E /* Config.swift */; };
		55895DAD2079E64400E711AE /* QuestionAuthViewController.swift in Sources */ = {isa = PBXBuildFile; fileRef = 55895DAB2079E64400E711AE /* QuestionAuthViewController.swift */; };
		55895DAE2079E64400E711AE /* QuestionAuthViewController.xib in Resources */ = {isa = PBXBuildFile; fileRef = 55895DAC2079E64400E711AE /* QuestionAuthViewController.xib */; };
		55CFE2291C85588D001160C7 /* Question.h in Headers */ = {isa = PBXBuildFile; fileRef = 55CFE2281C85588D001160C7 /* Question.h */; settings = {ATTRIBUTES = (Public, ); }; };
		55CFE2301C85588D001160C7 /* Question.framework in Frameworks */ = {isa = PBXBuildFile; fileRef = 55CFE2251C85588D001160C7 /* Question.framework */; };
		55CFE2351C85588D001160C7 /* QuestionTests.swift in Sources */ = {isa = PBXBuildFile; fileRef = 55CFE2341C85588D001160C7 /* QuestionTests.swift */; };
		55CFE2421C855B41001160C7 /* OAuthSwift.framework in Frameworks */ = {isa = PBXBuildFile; fileRef = 55CFE2411C855B41001160C7 /* OAuthSwift.framework */; };
		55CFE2451C855BDC001160C7 /* KeychainAccess.framework in Frameworks */ = {isa = PBXBuildFile; fileRef = 55CFE2441C855BDC001160C7 /* KeychainAccess.framework */; };
		55CFE2481C855C10001160C7 /* KeychainAccess.framework in Frameworks */ = {isa = PBXBuildFile; fileRef = 55CFE2461C855C10001160C7 /* KeychainAccess.framework */; };
		55CFE2491C855C10001160C7 /* OAuthSwift.framework in Frameworks */ = {isa = PBXBuildFile; fileRef = 55CFE2471C855C10001160C7 /* OAuthSwift.framework */; };
		55CFE24B1C855DA2001160C7 /* QuestionBookmarkManager.swift in Sources */ = {isa = PBXBuildFile; fileRef = 55CFE24A1C855DA2001160C7 /* QuestionBookmarkManager.swift */; };
		55CFE24C1C856104001160C7 /* QuestionBookmarkManager.swift in Sources */ = {isa = PBXBuildFile; fileRef = 55CFE24A1C855DA2001160C7 /* QuestionBookmarkManager.swift */; };
		55E7089220834C6C00A614A8 /* Bookmark.swift in Sources */ = {isa = PBXBuildFile; fileRef = 55E7089120834C6C00A614A8 /* Bookmark.swift */; };
		55E7089420834C9300A614A8 /* QuestionResponse.swift in Sources */ = {isa = PBXBuildFile; fileRef = 55E7089320834C9300A614A8 /* QuestionResponse.swift */; };
		55E7089620834D8F00A614A8 /* Result.swift in Sources */ = {isa = PBXBuildFile; fileRef = 55E7089520834D8F00A614A8 /* Result.swift */; };
		55E708982083526400A614A8 /* Entry.swift in Sources */ = {isa = PBXBuildFile; fileRef = 55E708972083526400A614A8 /* Entry.swift */; };
		55E7089A2083526C00A614A8 /* User.swift in Sources */ = {isa = PBXBuildFile; fileRef = 55E708992083526C00A614A8 /* User.swift */; };
		55E7089C2083527600A614A8 /* Tag.swift in Sources */ = {isa = PBXBuildFile; fileRef = 55E7089B2083527600A614A8 /* Tag.swift */; };
		55E7089E2083661600A614A8 /* QuestionError.swift in Sources */ = {isa = PBXBuildFile; fileRef = 55E7089D2083661600A614A8 /* QuestionError.swift */; };
		55E708A120836A3400A614A8 /* QuestionRequest.swift in Sources */ = {isa = PBXBuildFile; fileRef = 55E708A020836A3400A614A8 /* QuestionRequest.swift */; };
		55E708A320836AF600A614A8 /* BookmarkRequest.swift in Sources */ = {isa = PBXBuildFile; fileRef = 55E708A220836AF600A614A8 /* BookmarkRequest.swift */; };
/* End PBXBuildFile section */

/* Begin PBXContainerItemProxy section */
		55048C5E1C8E8FD4000A3A64 /* PBXContainerItemProxy */ = {
			isa = PBXContainerItemProxy;
			containerPortal = 55CFE21C1C85588D001160C7 /* Project object */;
			proxyType = 1;
			remoteGlobalIDString = 55048C4C1C8E8FD4000A3A64;
			remoteInfo = QuestionExample;
		};
		55048C691C8E8FD4000A3A64 /* PBXContainerItemProxy */ = {
			isa = PBXContainerItemProxy;
			containerPortal = 55CFE21C1C85588D001160C7 /* Project object */;
			proxyType = 1;
			remoteGlobalIDString = 55048C4C1C8E8FD4000A3A64;
			remoteInfo = QuestionExample;
		};
		55C48F332086068000F303D2 /* PBXContainerItemProxy */ = {
			isa = PBXContainerItemProxy;
			containerPortal = 55CFE21C1C85588D001160C7 /* Project object */;
			proxyType = 1;
			remoteGlobalIDString = 55CFE2241C85588D001160C7;
			remoteInfo = Question;
		};
		55CFE2311C85588D001160C7 /* PBXContainerItemProxy */ = {
			isa = PBXContainerItemProxy;
			containerPortal = 55CFE21C1C85588D001160C7 /* Project object */;
			proxyType = 1;
			remoteGlobalIDString = 55CFE2241C85588D001160C7;
			remoteInfo = Question;
		};
/* End PBXContainerItemProxy section */

/* Begin PBXFileReference section */
		55048C4D1C8E8FD4000A3A64 /* QuestionExample.app */ = {isa = PBXFileReference; explicitFileType = wrapper.application; includeInIndex = 0; path = QuestionExample.app; sourceTree = BUILT_PRODUCTS_DIR; };
		55048C4F1C8E8FD4000A3A64 /* AppDelegate.swift */ = {isa = PBXFileReference; lastKnownFileType = sourcecode.swift; path = AppDelegate.swift; sourceTree = "<group>"; };
		55048C511C8E8FD4000A3A64 /* ViewController.swift */ = {isa = PBXFileReference; lastKnownFileType = sourcecode.swift; path = ViewController.swift; sourceTree = "<group>"; };
		55048C531C8E8FD4000A3A64 /* Assets.xcassets */ = {isa = PBXFileReference; lastKnownFileType = folder.assetcatalog; path = Assets.xcassets; sourceTree = "<group>"; };
		55048C561C8E8FD4000A3A64 /* Base */ = {isa = PBXFileReference; lastKnownFileType = file.storyboard; name = Base; path = Base.lproj/Main.storyboard; sourceTree = "<group>"; };
		55048C581C8E8FD4000A3A64 /* Info.plist */ = {isa = PBXFileReference; lastKnownFileType = text.plist.xml; path = Info.plist; sourceTree = "<group>"; };
		55048C5D1C8E8FD4000A3A64 /* QuestionExampleTests.xctest */ = {isa = PBXFileReference; explicitFileType = wrapper.cfbundle; includeInIndex = 0; path = QuestionExampleTests.xctest; sourceTree = BUILT_PRODUCTS_DIR; };
		55048C611C8E8FD4000A3A64 /* QuestionExampleTests.swift */ = {isa = PBXFileReference; lastKnownFileType = sourcecode.swift; path = QuestionExampleTests.swift; sourceTree = "<group>"; };
		55048C631C8E8FD4000A3A64 /* Info.plist */ = {isa = PBXFileReference; lastKnownFileType = text.plist.xml; path = Info.plist; sourceTree = "<group>"; };
		55048C681C8E8FD4000A3A64 /* QuestionExampleUITests.xctest */ = {isa = PBXFileReference; explicitFileType = wrapper.cfbundle; includeInIndex = 0; path = QuestionExampleUITests.xctest; sourceTree = BUILT_PRODUCTS_DIR; };
		55048C6C1C8E8FD4000A3A64 /* QuestionExampleUITests.swift */ = {isa = PBXFileReference; lastKnownFileType = sourcecode.swift; path = QuestionExampleUITests.swift; sourceTree = "<group>"; };
		55048C6E1C8E8FD4000A3A64 /* Info.plist */ = {isa = PBXFileReference; lastKnownFileType = text.plist.xml; path = Info.plist; sourceTree = "<group>"; };
		5581956B1CEB7315005AA34E /* Config.swift */ = {isa = PBXFileReference; fileEncoding = 4; lastKnownFileType = sourcecode.swift; path = Config.swift; sourceTree = "<group>"; };
		55895DAB2079E64400E711AE /* QuestionAuthViewController.swift */ = {isa = PBXFileReference; lastKnownFileType = sourcecode.swift; path = QuestionAuthViewController.swift; sourceTree = "<group>"; };
		55895DAC2079E64400E711AE /* QuestionAuthViewController.xib */ = {isa = PBXFileReference; lastKnownFileType = file.xib; path = QuestionAuthViewController.xib; sourceTree = "<group>"; };
		55CFE2251C85588D001160C7 /* Question.framework */ = {isa = PBXFileReference; explicitFileType = wrapper.framework; includeInIndex = 0; path = Question.framework; sourceTree = BUILT_PRODUCTS_DIR; };
		55CFE2281C85588D001160C7 /* Question.h */ = {isa = PBXFileReference; lastKnownFileType = sourcecode.c.h; path = Question.h; sourceTree = "<group>"; };
		55CFE22A1C85588D001160C7 /* Info.plist */ = {isa = PBXFileReference; lastKnownFileType = text.plist.xml; path = Info.plist; sourceTree = "<group>"; };
		55CFE22F1C85588D001160C7 /* QuestionTests.xctest */ = {isa = PBXFileReference; explicitFileType = wrapper.cfbundle; includeInIndex = 0; path = QuestionTests.xctest; sourceTree = BUILT_PRODUCTS_DIR; };
		55CFE2341C85588D001160C7 /* QuestionTests.swift */ = {isa = PBXFileReference; lastKnownFileType = sourcecode.swift; path = QuestionTests.swift; sourceTree = "<group>"; };
		55CFE2361C85588D001160C7 /* Info.plist */ = {isa = PBXFileReference; lastKnownFileType = text.plist.xml; path = Info.plist; sourceTree = "<group>"; };
		55CFE2411C855B41001160C7 /* OAuthSwift.framework */ = {isa = PBXFileReference; lastKnownFileType = wrapper.framework; name = OAuthSwift.framework; path = Carthage/Checkouts/OAuthSwift/build/Debug/OAuthSwift.framework; sourceTree = "<group>"; };
		55CFE2441C855BDC001160C7 /* KeychainAccess.framework */ = {isa = PBXFileReference; lastKnownFileType = wrapper.framework; name = KeychainAccess.framework; path = Carthage/Checkouts/KeychainAccess/Lib/build/Debug/KeychainAccess.framework; sourceTree = "<group>"; };
		55CFE2461C855C10001160C7 /* KeychainAccess.framework */ = {isa = PBXFileReference; lastKnownFileType = wrapper.framework; name = KeychainAccess.framework; path = "../../Library/Developer/Xcode/DerivedData/Question-gakgneaoyehinvfoovaotewrzrpv/Build/Products/Debug/KeychainAccess.framework"; sourceTree = "<group>"; };
		55CFE2471C855C10001160C7 /* OAuthSwift.framework */ = {isa = PBXFileReference; lastKnownFileType = wrapper.framework; name = OAuthSwift.framework; path = "../../Library/Developer/Xcode/DerivedData/Question-gakgneaoyehinvfoovaotewrzrpv/Build/Products/Debug/OAuthSwift.framework"; sourceTree = "<group>"; };
		55CFE24A1C855DA2001160C7 /* QuestionBookmarkManager.swift */ = {isa = PBXFileReference; fileEncoding = 4; lastKnownFileType = sourcecode.swift; path = QuestionBookmarkManager.swift; sourceTree = "<group>"; };
		55E7089120834C6C00A614A8 /* Bookmark.swift */ = {isa = PBXFileReference; lastKnownFileType = sourcecode.swift; path = Bookmark.swift; sourceTree = "<group>"; };
		55E7089320834C9300A614A8 /* QuestionResponse.swift */ = {isa = PBXFileReference; lastKnownFileType = sourcecode.swift; path = QuestionResponse.swift; sourceTree = "<group>"; };
		55E7089520834D8F00A614A8 /* Result.swift */ = {isa = PBXFileReference; lastKnownFileType = sourcecode.swift; path = Result.swift; sourceTree = "<group>"; };
		55E708972083526400A614A8 /* Entry.swift */ = {isa = PBXFileReference; lastKnownFileType = sourcecode.swift; path = Entry.swift; sourceTree = "<group>"; };
		55E708992083526C00A614A8 /* User.swift */ = {isa = PBXFileReference; lastKnownFileType = sourcecode.swift; path = User.swift; sourceTree = "<group>"; };
		55E7089B2083527600A614A8 /* Tag.swift */ = {isa = PBXFileReference; lastKnownFileType = sourcecode.swift; path = Tag.swift; sourceTree = "<group>"; };
		55E7089D2083661600A614A8 /* QuestionError.swift */ = {isa = PBXFileReference; lastKnownFileType = sourcecode.swift; path = QuestionError.swift; sourceTree = "<group>"; };
		55E708A020836A3400A614A8 /* QuestionRequest.swift */ = {isa = PBXFileReference; lastKnownFileType = sourcecode.swift; path = QuestionRequest.swift; sourceTree = "<group>"; };
		55E708A220836AF600A614A8 /* BookmarkRequest.swift */ = {isa = PBXFileReference; lastKnownFileType = sourcecode.swift; path = BookmarkRequest.swift; sourceTree = "<group>"; };
/* End PBXFileReference section */

/* Begin PBXFrameworksBuildPhase section */
		55048C4A1C8E8FD4000A3A64 /* Frameworks */ = {
			isa = PBXFrameworksBuildPhase;
			buildActionMask = 2147483647;
			files = (
				55630177207847ED002793E4 /* OAuthSwift.framework in Frameworks */,
				55630176207847E3002793E4 /* KeychainAccess.framework in Frameworks */,
			);
			runOnlyForDeploymentPostprocessing = 0;
		};
		55048C5A1C8E8FD4000A3A64 /* Frameworks */ = {
			isa = PBXFrameworksBuildPhase;
			buildActionMask = 2147483647;
			files = (
			);
			runOnlyForDeploymentPostprocessing = 0;
		};
		55048C651C8E8FD4000A3A64 /* Frameworks */ = {
			isa = PBXFrameworksBuildPhase;
			buildActionMask = 2147483647;
			files = (
			);
			runOnlyForDeploymentPostprocessing = 0;
		};
		55CFE2211C85588D001160C7 /* Frameworks */ = {
			isa = PBXFrameworksBuildPhase;
			buildActionMask = 2147483647;
			files = (
				55CFE2451C855BDC001160C7 /* KeychainAccess.framework in Frameworks */,
				55CFE2421C855B41001160C7 /* OAuthSwift.framework in Frameworks */,
			);
			runOnlyForDeploymentPostprocessing = 0;
		};
		55CFE22C1C85588D001160C7 /* Frameworks */ = {
			isa = PBXFrameworksBuildPhase;
			buildActionMask = 2147483647;
			files = (
				55CFE2481C855C10001160C7 /* KeychainAccess.framework in Frameworks */,
				55CFE2491C855C10001160C7 /* OAuthSwift.framework in Frameworks */,
				55CFE2301C85588D001160C7 /* Question.framework in Frameworks */,
			);
			runOnlyForDeploymentPostprocessing = 0;
		};
/* End PBXFrameworksBuildPhase section */

/* Begin PBXGroup section */
		55048C4E1C8E8FD4000A3A64 /* QuestionExample */ = {
			isa = PBXGroup;
			children = (
				55048C4F1C8E8FD4000A3A64 /* AppDelegate.swift */,
				55048C511C8E8FD4000A3A64 /* ViewController.swift */,
				5581956B1CEB7315005AA34E /* Config.swift */,
				55048C531C8E8FD4000A3A64 /* Assets.xcassets */,
				55048C551C8E8FD4000A3A64 /* Main.storyboard */,
				55048C581C8E8FD4000A3A64 /* Info.plist */,
			);
			path = QuestionExample;
			sourceTree = "<group>";
		};
		55048C601C8E8FD4000A3A64 /* QuestionExampleTests */ = {
			isa = PBXGroup;
			children = (
				55048C611C8E8FD4000A3A64 /* QuestionExampleTests.swift */,
				55048C631C8E8FD4000A3A64 /* Info.plist */,
			);
			path = QuestionExampleTests;
			sourceTree = "<group>";
		};
		55048C6B1C8E8FD4000A3A64 /* QuestionExampleUITests */ = {
			isa = PBXGroup;
			children = (
				55048C6C1C8E8FD4000A3A64 /* QuestionExampleUITests.swift */,
				55048C6E1C8E8FD4000A3A64 /* Info.plist */,
			);
			path = QuestionExampleUITests;
			sourceTree = "<group>";
		};
		55CFE21B1C85588D001160C7 = {
			isa = PBXGroup;
			children = (
				55CFE2271C85588D001160C7 /* Question */,
				55CFE2331C85588D001160C7 /* QuestionTests */,
				55048C4E1C8E8FD4000A3A64 /* QuestionExample */,
				55048C601C8E8FD4000A3A64 /* QuestionExampleTests */,
				55048C6B1C8E8FD4000A3A64 /* QuestionExampleUITests */,
				55CFE24D1C856242001160C7 /* Frameworks */,
				55CFE2261C85588D001160C7 /* Products */,
			);
			sourceTree = "<group>";
		};
		55CFE2261C85588D001160C7 /* Products */ = {
			isa = PBXGroup;
			children = (
				55CFE2251C85588D001160C7 /* Question.framework */,
				55CFE22F1C85588D001160C7 /* QuestionTests.xctest */,
				55048C4D1C8E8FD4000A3A64 /* QuestionExample.app */,
				55048C5D1C8E8FD4000A3A64 /* QuestionExampleTests.xctest */,
				55048C681C8E8FD4000A3A64 /* QuestionExampleUITests.xctest */,
			);
			name = Products;
			sourceTree = "<group>";
		};
		55CFE2271C85588D001160C7 /* Question */ = {
			isa = PBXGroup;
			children = (
				55CFE24A1C855DA2001160C7 /* QuestionBookmarkManager.swift */,
				55CFE2281C85588D001160C7 /* Question.h */,
				55CFE22A1C85588D001160C7 /* Info.plist */,
				55E7089F20836A1A00A614A8 /* Requests */,
				55E7089020834C0400A614A8 /* Responses */,
				55E7088F20834BD700A614A8 /* Models */,
				55895DAB2079E64400E711AE /* QuestionAuthViewController.swift */,
				55895DAC2079E64400E711AE /* QuestionAuthViewController.xib */,
				55E7089520834D8F00A614A8 /* Result.swift */,
				55E7089D2083661600A614A8 /* QuestionError.swift */,
			);
			path = Question;
			sourceTree = "<group>";
		};
		55CFE2331C85588D001160C7 /* QuestionTests */ = {
			isa = PBXGroup;
			children = (
				55CFE2341C85588D001160C7 /* QuestionTests.swift */,
				55CFE2361C85588D001160C7 /* Info.plist */,
			);
			path = QuestionTests;
			sourceTree = "<group>";
		};
		55CFE24D1C856242001160C7 /* Frameworks */ = {
			isa = PBXGroup;
			children = (
				55CFE2461C855C10001160C7 /* KeychainAccess.framework */,
				55CFE2471C855C10001160C7 /* OAuthSwift.framework */,
				55CFE2441C855BDC001160C7 /* KeychainAccess.framework */,
				55CFE2411C855B41001160C7 /* OAuthSwift.framework */,
			);
			name = Frameworks;
			sourceTree = "<group>";
		};
		55E7088F20834BD700A614A8 /* Models */ = {
			isa = PBXGroup;
			children = (
				55E7089120834C6C00A614A8 /* Bookmark.swift */,
				55E708972083526400A614A8 /* Entry.swift */,
				55E708992083526C00A614A8 /* User.swift */,
				55E7089B2083527600A614A8 /* Tag.swift */,
			);
			path = Models;
			sourceTree = "<group>";
		};
		55E7089020834C0400A614A8 /* Responses */ = {
			isa = PBXGroup;
			children = (
				55E7089320834C9300A614A8 /* QuestionResponse.swift */,
			);
			path = Responses;
			sourceTree = "<group>";
		};
		55E7089F20836A1A00A614A8 /* Requests */ = {
			isa = PBXGroup;
			children = (
				55E708A420836AFA00A614A8 /* Bookmark */,
				55E708A520836B1900A614A8 /* Entry */,
				55E708A620836B1F00A614A8 /* User */,
				55E708A720836B2300A614A8 /* Tag */,
				55E708A020836A3400A614A8 /* QuestionRequest.swift */,
			);
			path = Requests;
			sourceTree = "<group>";
		};
		55E708A420836AFA00A614A8 /* Bookmark */ = {
			isa = PBXGroup;
			children = (
				55E708A220836AF600A614A8 /* BookmarkRequest.swift */,
			);
			path = Bookmark;
			sourceTree = "<group>";
		};
		55E708A520836B1900A614A8 /* Entry */ = {
			isa = PBXGroup;
			children = (
			);
			path = Entry;
			sourceTree = "<group>";
		};
		55E708A620836B1F00A614A8 /* User */ = {
			isa = PBXGroup;
			children = (
			);
			path = User;
			sourceTree = "<group>";
		};
		55E708A720836B2300A614A8 /* Tag */ = {
			isa = PBXGroup;
			children = (
			);
			path = Tag;
			sourceTree = "<group>";
		};
/* End PBXGroup section */

/* Begin PBXHeadersBuildPhase section */
		55CFE2221C85588D001160C7 /* Headers */ = {
			isa = PBXHeadersBuildPhase;
			buildActionMask = 2147483647;
			files = (
				55CFE2291C85588D001160C7 /* Question.h in Headers */,
			);
			runOnlyForDeploymentPostprocessing = 0;
		};
/* End PBXHeadersBuildPhase section */

/* Begin PBXNativeTarget section */
		55048C4C1C8E8FD4000A3A64 /* QuestionExample */ = {
			isa = PBXNativeTarget;
			buildConfigurationList = 55048C6F1C8E8FD4000A3A64 /* Build configuration list for PBXNativeTarget "QuestionExample" */;
			buildPhases = (
				55048C491C8E8FD4000A3A64 /* Sources */,
				55048C4A1C8E8FD4000A3A64 /* Frameworks */,
				55048C4B1C8E8FD4000A3A64 /* Resources */,
				55B4F721207DF3F600063B77 /* ShellScript */,
			);
			buildRules = (
			);
			dependencies = (
				55C48F342086068000F303D2 /* PBXTargetDependency */,
			);
			name = QuestionExample;
			productName = QuestionExample;
			productReference = 55048C4D1C8E8FD4000A3A64 /* QuestionExample.app */;
			productType = "com.apple.product-type.application";
		};
		55048C5C1C8E8FD4000A3A64 /* QuestionExampleTests */ = {
			isa = PBXNativeTarget;
			buildConfigurationList = 55048C721C8E8FD4000A3A64 /* Build configuration list for PBXNativeTarget "QuestionExampleTests" */;
			buildPhases = (
				55048C591C8E8FD4000A3A64 /* Sources */,
				55048C5A1C8E8FD4000A3A64 /* Frameworks */,
				55048C5B1C8E8FD4000A3A64 /* Resources */,
			);
			buildRules = (
			);
			dependencies = (
				55048C5F1C8E8FD4000A3A64 /* PBXTargetDependency */,
			);
			name = QuestionExampleTests;
			productName = QuestionExampleTests;
			productReference = 55048C5D1C8E8FD4000A3A64 /* QuestionExampleTests.xctest */;
			productType = "com.apple.product-type.bundle.unit-test";
		};
		55048C671C8E8FD4000A3A64 /* QuestionExampleUITests */ = {
			isa = PBXNativeTarget;
			buildConfigurationList = 55048C751C8E8FD4000A3A64 /* Build configuration list for PBXNativeTarget "QuestionExampleUITests" */;
			buildPhases = (
				55048C641C8E8FD4000A3A64 /* Sources */,
				55048C651C8E8FD4000A3A64 /* Frameworks */,
				55048C661C8E8FD4000A3A64 /* Resources */,
			);
			buildRules = (
			);
			dependencies = (
				55048C6A1C8E8FD4000A3A64 /* PBXTargetDependency */,
			);
			name = QuestionExampleUITests;
			productName = QuestionExampleUITests;
			productReference = 55048C681C8E8FD4000A3A64 /* QuestionExampleUITests.xctest */;
			productType = "com.apple.product-type.bundle.ui-testing";
		};
		55CFE2241C85588D001160C7 /* Question */ = {
			isa = PBXNativeTarget;
			buildConfigurationList = 55CFE2391C85588D001160C7 /* Build configuration list for PBXNativeTarget "Question" */;
			buildPhases = (
				55CFE2201C85588D001160C7 /* Sources */,
				55CFE2211C85588D001160C7 /* Frameworks */,
				55CFE2221C85588D001160C7 /* Headers */,
				55CFE2231C85588D001160C7 /* Resources */,
			);
			buildRules = (
			);
			dependencies = (
			);
			name = Question;
			productName = Question;
			productReference = 55CFE2251C85588D001160C7 /* Question.framework */;
			productType = "com.apple.product-type.framework";
		};
		55CFE22E1C85588D001160C7 /* QuestionTests */ = {
			isa = PBXNativeTarget;
			buildConfigurationList = 55CFE23C1C85588D001160C7 /* Build configuration list for PBXNativeTarget "QuestionTests" */;
			buildPhases = (
				55CFE22B1C85588D001160C7 /* Sources */,
				55CFE22C1C85588D001160C7 /* Frameworks */,
				55CFE22D1C85588D001160C7 /* Resources */,
			);
			buildRules = (
			);
			dependencies = (
				55CFE2321C85588D001160C7 /* PBXTargetDependency */,
			);
			name = QuestionTests;
			productName = QuestionTests;
			productReference = 55CFE22F1C85588D001160C7 /* QuestionTests.xctest */;
			productType = "com.apple.product-type.bundle.unit-test";
		};
/* End PBXNativeTarget section */

/* Begin PBXProject section */
		55CFE21C1C85588D001160C7 /* Project object */ = {
			isa = PBXProject;
			attributes = {
				LastSwiftUpdateCheck = 0730;
				LastUpgradeCheck = 0730;
				ORGANIZATIONNAME = "北䑓 如法";
				TargetAttributes = {
					55048C4C1C8E8FD4000A3A64 = {
						CreatedOnToolsVersion = 7.3;
						LastSwiftMigration = 0820;
					};
					55048C5C1C8E8FD4000A3A64 = {
						CreatedOnToolsVersion = 7.3;
						LastSwiftMigration = 0820;
						TestTargetID = 55048C4C1C8E8FD4000A3A64;
					};
					55048C671C8E8FD4000A3A64 = {
						CreatedOnToolsVersion = 7.3;
						LastSwiftMigration = 0820;
						TestTargetID = 55048C4C1C8E8FD4000A3A64;
					};
					55CFE2241C85588D001160C7 = {
						CreatedOnToolsVersion = 7.3;
					};
					55CFE22E1C85588D001160C7 = {
						CreatedOnToolsVersion = 7.3;
					};
				};
			};
			buildConfigurationList = 55CFE21F1C85588D001160C7 /* Build configuration list for PBXProject "Question" */;
			compatibilityVersion = "Xcode 3.2";
			developmentRegion = English;
			hasScannedForEncodings = 0;
			knownRegions = (
				English,
				en,
				Base,
			);
			mainGroup = 55CFE21B1C85588D001160C7;
			productRefGroup = 55CFE2261C85588D001160C7 /* Products */;
			projectDirPath = "";
			projectRoot = "";
			targets = (
				55CFE2241C85588D001160C7 /* Question */,
				55CFE22E1C85588D001160C7 /* QuestionTests */,
				55048C4C1C8E8FD4000A3A64 /* QuestionExample */,
				55048C5C1C8E8FD4000A3A64 /* QuestionExampleTests */,
				55048C671C8E8FD4000A3A64 /* QuestionExampleUITests */,
			);
		};
/* End PBXProject section */

/* Begin PBXResourcesBuildPhase section */
		55048C4B1C8E8FD4000A3A64 /* Resources */ = {
			isa = PBXResourcesBuildPhase;
			buildActionMask = 2147483647;
			files = (
				55048C541C8E8FD4000A3A64 /* Assets.xcassets in Resources */,
				55048C571C8E8FD4000A3A64 /* Main.storyboard in Resources */,
			);
			runOnlyForDeploymentPostprocessing = 0;
		};
		55048C5B1C8E8FD4000A3A64 /* Resources */ = {
			isa = PBXResourcesBuildPhase;
			buildActionMask = 2147483647;
			files = (
			);
			runOnlyForDeploymentPostprocessing = 0;
		};
		55048C661C8E8FD4000A3A64 /* Resources */ = {
			isa = PBXResourcesBuildPhase;
			buildActionMask = 2147483647;
			files = (
			);
			runOnlyForDeploymentPostprocessing = 0;
		};
		55CFE2231C85588D001160C7 /* Resources */ = {
			isa = PBXResourcesBuildPhase;
			buildActionMask = 2147483647;
			files = (
				55895DAE2079E64400E711AE /* QuestionAuthViewController.xib in Resources */,
			);
			runOnlyForDeploymentPostprocessing = 0;
		};
		55CFE22D1C85588D001160C7 /* Resources */ = {
			isa = PBXResourcesBuildPhase;
			buildActionMask = 2147483647;
			files = (
			);
			runOnlyForDeploymentPostprocessing = 0;
		};
/* End PBXResourcesBuildPhase section */

/* Begin PBXShellScriptBuildPhase section */
		55B4F721207DF3F600063B77 /* ShellScript */ = {
			isa = PBXShellScriptBuildPhase;
			buildActionMask = 12;
			files = (
			);
			inputPaths = (
			);
			outputPaths = (
			);
			runOnlyForDeploymentPostprocessing = 0;
			shellPath = /bin/sh;
			shellScript = "/usr/local/bin/carthage copy-frameworks\n";
		};
/* End PBXShellScriptBuildPhase section */

/* Begin PBXSourcesBuildPhase section */
		55048C491C8E8FD4000A3A64 /* Sources */ = {
			isa = PBXSourcesBuildPhase;
			buildActionMask = 2147483647;
			files = (
				55048C521C8E8FD4000A3A64 /* ViewController.swift in Sources */,
				55048C501C8E8FD4000A3A64 /* AppDelegate.swift in Sources */,
				5581956C1CEB7315005AA34E /* Config.swift in Sources */,
			);
			runOnlyForDeploymentPostprocessing = 0;
		};
		55048C591C8E8FD4000A3A64 /* Sources */ = {
			isa = PBXSourcesBuildPhase;
			buildActionMask = 2147483647;
			files = (
				55048C621C8E8FD4000A3A64 /* QuestionExampleTests.swift in Sources */,
			);
			runOnlyForDeploymentPostprocessing = 0;
		};
		55048C641C8E8FD4000A3A64 /* Sources */ = {
			isa = PBXSourcesBuildPhase;
			buildActionMask = 2147483647;
			files = (
				55048C6D1C8E8FD4000A3A64 /* QuestionExampleUITests.swift in Sources */,
			);
			runOnlyForDeploymentPostprocessing = 0;
		};
		55CFE2201C85588D001160C7 /* Sources */ = {
			isa = PBXSourcesBuildPhase;
			buildActionMask = 2147483647;
			files = (
				55E7089C2083527600A614A8 /* Tag.swift in Sources */,
				55E708A120836A3400A614A8 /* QuestionRequest.swift in Sources */,
				55E708982083526400A614A8 /* Entry.swift in Sources */,
				55E7089420834C9300A614A8 /* QuestionResponse.swift in Sources */,
				55E7089620834D8F00A614A8 /* Result.swift in Sources */,
				55895DAD2079E64400E711AE /* QuestionAuthViewController.swift in Sources */,
				55CFE24B1C855DA2001160C7 /* QuestionBookmarkManager.swift in Sources */,
				55E7089220834C6C00A614A8 /* Bookmark.swift in Sources */,
				55E7089A2083526C00A614A8 /* User.swift in Sources */,
				55E7089E2083661600A614A8 /* QuestionError.swift in Sources */,
				55E708A320836AF600A614A8 /* BookmarkRequest.swift in Sources */,
			);
			runOnlyForDeploymentPostprocessing = 0;
		};
		55CFE22B1C85588D001160C7 /* Sources */ = {
			isa = PBXSourcesBuildPhase;
			buildActionMask = 2147483647;
			files = (
				55CFE2351C85588D001160C7 /* QuestionTests.swift in Sources */,
				55CFE24C1C856104001160C7 /* QuestionBookmarkManager.swift in Sources */,
			);
			runOnlyForDeploymentPostprocessing = 0;
		};
/* End PBXSourcesBuildPhase section */

/* Begin PBXTargetDependency section */
		55048C5F1C8E8FD4000A3A64 /* PBXTargetDependency */ = {
			isa = PBXTargetDependency;
			target = 55048C4C1C8E8FD4000A3A64 /* QuestionExample */;
			targetProxy = 55048C5E1C8E8FD4000A3A64 /* PBXContainerItemProxy */;
		};
		55048C6A1C8E8FD4000A3A64 /* PBXTargetDependency */ = {
			isa = PBXTargetDependency;
			target = 55048C4C1C8E8FD4000A3A64 /* QuestionExample */;
			targetProxy = 55048C691C8E8FD4000A3A64 /* PBXContainerItemProxy */;
		};
		55C48F342086068000F303D2 /* PBXTargetDependency */ = {
			isa = PBXTargetDependency;
			target = 55CFE2241C85588D001160C7 /* Question */;
			targetProxy = 55C48F332086068000F303D2 /* PBXContainerItemProxy */;
		};
		55CFE2321C85588D001160C7 /* PBXTargetDependency */ = {
			isa = PBXTargetDependency;
			target = 55CFE2241C85588D001160C7 /* Question */;
			targetProxy = 55CFE2311C85588D001160C7 /* PBXContainerItemProxy */;
		};
/* End PBXTargetDependency section */

/* Begin PBXVariantGroup section */
		55048C551C8E8FD4000A3A64 /* Main.storyboard */ = {
			isa = PBXVariantGroup;
			children = (
				55048C561C8E8FD4000A3A64 /* Base */,
			);
			name = Main.storyboard;
			sourceTree = "<group>";
		};
/* End PBXVariantGroup section */

/* Begin XCBuildConfiguration section */
		55048C701C8E8FD4000A3A64 /* Debug */ = {
			isa = XCBuildConfiguration;
			buildSettings = {
				ASSETCATALOG_COMPILER_APPICON_NAME = AppIcon;
				COMBINE_HIDPI_IMAGES = YES;
				FRAMEWORK_SEARCH_PATHS = (
					"$(TARGET_BUILD_DIR)",
					"$(PROJECT_DIR)/Carthage/Build/Mac",
				);
				INFOPLIST_FILE = QuestionExample/Info.plist;
				LD_RUNPATH_SEARCH_PATHS = "$(inherited) @executable_path/../Frameworks";
				MACOSX_DEPLOYMENT_TARGET = 10.12;
				PRODUCT_BUNDLE_IDENTIFIER = jp.nyoho.QuestionExample;
				PRODUCT_NAME = "$(TARGET_NAME)";
				SDKROOT = macosx;
				SWIFT_VERSION = 4.2;
			};
			name = Debug;
		};
		55048C711C8E8FD4000A3A64 /* Release */ = {
			isa = XCBuildConfiguration;
			buildSettings = {
				ASSETCATALOG_COMPILER_APPICON_NAME = AppIcon;
				COMBINE_HIDPI_IMAGES = YES;
				FRAMEWORK_SEARCH_PATHS = (
					"$(TARGET_BUILD_DIR)",
					"$(PROJECT_DIR)/Carthage/Build/Mac",
				);
				INFOPLIST_FILE = QuestionExample/Info.plist;
				LD_RUNPATH_SEARCH_PATHS = "$(inherited) @executable_path/../Frameworks";
				MACOSX_DEPLOYMENT_TARGET = 10.12;
				PRODUCT_BUNDLE_IDENTIFIER = jp.nyoho.QuestionExample;
				PRODUCT_NAME = "$(TARGET_NAME)";
				SDKROOT = macosx;
				SWIFT_VERSION = 4.2;
			};
			name = Release;
		};
		55048C731C8E8FD4000A3A64 /* Debug */ = {
			isa = XCBuildConfiguration;
			buildSettings = {
				BUNDLE_LOADER = "$(TEST_HOST)";
				COMBINE_HIDPI_IMAGES = YES;
				INFOPLIST_FILE = QuestionExampleTests/Info.plist;
				LD_RUNPATH_SEARCH_PATHS = "$(inherited) @executable_path/../Frameworks @loader_path/../Frameworks";
				PRODUCT_BUNDLE_IDENTIFIER = jp.nyoho.QuestionExampleTests;
				PRODUCT_NAME = "$(TARGET_NAME)";
				SWIFT_VERSION = 4.2;
				TEST_HOST = "$(BUILT_PRODUCTS_DIR)/QuestionExample.app/Contents/MacOS/QuestionExample";
			};
			name = Debug;
		};
		55048C741C8E8FD4000A3A64 /* Release */ = {
			isa = XCBuildConfiguration;
			buildSettings = {
				BUNDLE_LOADER = "$(TEST_HOST)";
				COMBINE_HIDPI_IMAGES = YES;
				INFOPLIST_FILE = QuestionExampleTests/Info.plist;
				LD_RUNPATH_SEARCH_PATHS = "$(inherited) @executable_path/../Frameworks @loader_path/../Frameworks";
				PRODUCT_BUNDLE_IDENTIFIER = jp.nyoho.QuestionExampleTests;
				PRODUCT_NAME = "$(TARGET_NAME)";
				SWIFT_VERSION = 4.2;
				TEST_HOST = "$(BUILT_PRODUCTS_DIR)/QuestionExample.app/Contents/MacOS/QuestionExample";
			};
			name = Release;
		};
		55048C761C8E8FD4000A3A64 /* Debug */ = {
			isa = XCBuildConfiguration;
			buildSettings = {
				COMBINE_HIDPI_IMAGES = YES;
				INFOPLIST_FILE = QuestionExampleUITests/Info.plist;
				LD_RUNPATH_SEARCH_PATHS = "$(inherited) @executable_path/../Frameworks @loader_path/../Frameworks";
				PRODUCT_BUNDLE_IDENTIFIER = jp.nyoho.QuestionExampleUITests;
				PRODUCT_NAME = "$(TARGET_NAME)";
				SWIFT_VERSION = 4.2;
				TEST_TARGET_NAME = QuestionExample;
			};
			name = Debug;
		};
		55048C771C8E8FD4000A3A64 /* Release */ = {
			isa = XCBuildConfiguration;
			buildSettings = {
				COMBINE_HIDPI_IMAGES = YES;
				INFOPLIST_FILE = QuestionExampleUITests/Info.plist;
				LD_RUNPATH_SEARCH_PATHS = "$(inherited) @executable_path/../Frameworks @loader_path/../Frameworks";
				PRODUCT_BUNDLE_IDENTIFIER = jp.nyoho.QuestionExampleUITests;
				PRODUCT_NAME = "$(TARGET_NAME)";
				SWIFT_VERSION = 4.2;
				TEST_TARGET_NAME = QuestionExample;
			};
			name = Release;
		};
		55CFE2371C85588D001160C7 /* Debug */ = {
			isa = XCBuildConfiguration;
			buildSettings = {
				ALWAYS_SEARCH_USER_PATHS = NO;
				CLANG_ANALYZER_NONNULL = YES;
				CLANG_CXX_LANGUAGE_STANDARD = "gnu++0x";
				CLANG_CXX_LIBRARY = "libc++";
				CLANG_ENABLE_MODULES = YES;
				CLANG_ENABLE_OBJC_ARC = YES;
				CLANG_WARN_BOOL_CONVERSION = YES;
				CLANG_WARN_CONSTANT_CONVERSION = YES;
				CLANG_WARN_DIRECT_OBJC_ISA_USAGE = YES_ERROR;
				CLANG_WARN_EMPTY_BODY = YES;
				CLANG_WARN_ENUM_CONVERSION = YES;
				CLANG_WARN_INT_CONVERSION = YES;
				CLANG_WARN_OBJC_ROOT_CLASS = YES_ERROR;
				CLANG_WARN_UNREACHABLE_CODE = YES;
				CLANG_WARN__DUPLICATE_METHOD_MATCH = YES;
				CODE_SIGN_IDENTITY = "-";
				COPY_PHASE_STRIP = NO;
				CURRENT_PROJECT_VERSION = 1;
				DEBUG_INFORMATION_FORMAT = dwarf;
				ENABLE_STRICT_OBJC_MSGSEND = YES;
				ENABLE_TESTABILITY = YES;
				GCC_C_LANGUAGE_STANDARD = gnu99;
				GCC_DYNAMIC_NO_PIC = NO;
				GCC_NO_COMMON_BLOCKS = YES;
				GCC_OPTIMIZATION_LEVEL = 0;
				GCC_PREPROCESSOR_DEFINITIONS = (
					"DEBUG=1",
					"$(inherited)",
				);
				GCC_WARN_64_TO_32_BIT_CONVERSION = YES;
				GCC_WARN_ABOUT_RETURN_TYPE = YES_ERROR;
				GCC_WARN_UNDECLARED_SELECTOR = YES;
				GCC_WARN_UNINITIALIZED_AUTOS = YES_AGGRESSIVE;
				GCC_WARN_UNUSED_FUNCTION = YES;
				GCC_WARN_UNUSED_VARIABLE = YES;
				MACOSX_DEPLOYMENT_TARGET = 10.12;
				MTL_ENABLE_DEBUG_INFO = YES;
				ONLY_ACTIVE_ARCH = YES;
				SDKROOT = macosx;
				SWIFT_OPTIMIZATION_LEVEL = "-Onone";
				SWIFT_VERSION = 4.2;
				VERSIONING_SYSTEM = "apple-generic";
				VERSION_INFO_PREFIX = "";
			};
			name = Debug;
		};
		55CFE2381C85588D001160C7 /* Release */ = {
			isa = XCBuildConfiguration;
			buildSettings = {
				ALWAYS_SEARCH_USER_PATHS = NO;
				CLANG_ANALYZER_NONNULL = YES;
				CLANG_CXX_LANGUAGE_STANDARD = "gnu++0x";
				CLANG_CXX_LIBRARY = "libc++";
				CLANG_ENABLE_MODULES = YES;
				CLANG_ENABLE_OBJC_ARC = YES;
				CLANG_WARN_BOOL_CONVERSION = YES;
				CLANG_WARN_CONSTANT_CONVERSION = YES;
				CLANG_WARN_DIRECT_OBJC_ISA_USAGE = YES_ERROR;
				CLANG_WARN_EMPTY_BODY = YES;
				CLANG_WARN_ENUM_CONVERSION = YES;
				CLANG_WARN_INT_CONVERSION = YES;
				CLANG_WARN_OBJC_ROOT_CLASS = YES_ERROR;
				CLANG_WARN_UNREACHABLE_CODE = YES;
				CLANG_WARN__DUPLICATE_METHOD_MATCH = YES;
				CODE_SIGN_IDENTITY = "-";
				COPY_PHASE_STRIP = NO;
				CURRENT_PROJECT_VERSION = 1;
				DEBUG_INFORMATION_FORMAT = "dwarf-with-dsym";
				ENABLE_NS_ASSERTIONS = NO;
				ENABLE_STRICT_OBJC_MSGSEND = YES;
				GCC_C_LANGUAGE_STANDARD = gnu99;
				GCC_NO_COMMON_BLOCKS = YES;
				GCC_WARN_64_TO_32_BIT_CONVERSION = YES;
				GCC_WARN_ABOUT_RETURN_TYPE = YES_ERROR;
				GCC_WARN_UNDECLARED_SELECTOR = YES;
				GCC_WARN_UNINITIALIZED_AUTOS = YES_AGGRESSIVE;
				GCC_WARN_UNUSED_FUNCTION = YES;
				GCC_WARN_UNUSED_VARIABLE = YES;
				MACOSX_DEPLOYMENT_TARGET = 10.12;
				MTL_ENABLE_DEBUG_INFO = NO;
				SDKROOT = macosx;
				SWIFT_VERSION = 4.2;
				VERSIONING_SYSTEM = "apple-generic";
				VERSION_INFO_PREFIX = "";
			};
			name = Release;
		};
		55CFE23A1C85588D001160C7 /* Debug */ = {
			isa = XCBuildConfiguration;
			buildSettings = {
				CLANG_ENABLE_MODULES = YES;
				COMBINE_HIDPI_IMAGES = YES;
				DEFINES_MODULE = YES;
				DYLIB_COMPATIBILITY_VERSION = 1;
				DYLIB_CURRENT_VERSION = 1;
				DYLIB_INSTALL_NAME_BASE = "@rpath";
				FRAMEWORK_SEARCH_PATHS = (
					"$(inherited)",
					"$(PROJECT_DIR)/Carthage/Checkouts/OAuthSwift/build/Debug",
					"$(PROJECT_DIR)/Carthage/Checkouts/KeychainAccess/Lib/build/Debug",
					"$(PROJECT_DIR)/Carthage/Build/Mac",
				);
				FRAMEWORK_VERSION = A;
				INFOPLIST_FILE = Question/Info.plist;
				INSTALL_PATH = "$(LOCAL_LIBRARY_DIR)/Frameworks";
				LD_RUNPATH_SEARCH_PATHS = "$(inherited) @executable_path/../Frameworks @loader_path/Frameworks";
				MACOSX_DEPLOYMENT_TARGET = 10.12;
				PRODUCT_BUNDLE_IDENTIFIER = jp.nyoho.Question;
				PRODUCT_NAME = "$(TARGET_NAME)";
				SKIP_INSTALL = YES;
				SWIFT_OPTIMIZATION_LEVEL = "-Onone";
				SWIFT_VERSION = 4.2;
			};
			name = Debug;
		};
		55CFE23B1C85588D001160C7 /* Release */ = {
			isa = XCBuildConfiguration;
			buildSettings = {
				CLANG_ENABLE_MODULES = YES;
				COMBINE_HIDPI_IMAGES = YES;
				DEFINES_MODULE = YES;
				DYLIB_COMPATIBILITY_VERSION = 1;
				DYLIB_CURRENT_VERSION = 1;
				DYLIB_INSTALL_NAME_BASE = "@rpath";
				FRAMEWORK_SEARCH_PATHS = (
					"$(inherited)",
					"$(PROJECT_DIR)/Carthage/Checkouts/OAuthSwift/build/Debug",
					"$(PROJECT_DIR)/Carthage/Checkouts/KeychainAccess/Lib/build/Debug",
					"$(PROJECT_DIR)/Carthage/Build/Mac",
				);
				FRAMEWORK_VERSION = A;
				INFOPLIST_FILE = Question/Info.plist;
				INSTALL_PATH = "$(LOCAL_LIBRARY_DIR)/Frameworks";
				LD_RUNPATH_SEARCH_PATHS = "$(inherited) @executable_path/../Frameworks @loader_path/Frameworks";
				MACOSX_DEPLOYMENT_TARGET = 10.12;
				PRODUCT_BUNDLE_IDENTIFIER = jp.nyoho.Question;
				PRODUCT_NAME = "$(TARGET_NAME)";
				SKIP_INSTALL = YES;
				SWIFT_VERSION = 4.2;
			};
			name = Release;
		};
		55CFE23D1C85588D001160C7 /* Debug */ = {
			isa = XCBuildConfiguration;
			buildSettings = {
				COMBINE_HIDPI_IMAGES = YES;
				INFOPLIST_FILE = QuestionTests/Info.plist;
				LD_RUNPATH_SEARCH_PATHS = "$(inherited) @executable_path/../Frameworks @loader_path/../Frameworks";
				PRODUCT_BUNDLE_IDENTIFIER = jp.nyoho.QuestionTests;
				PRODUCT_NAME = "$(TARGET_NAME)";
				SWIFT_VERSION = 4.2;
			};
			name = Debug;
		};
		55CFE23E1C85588D001160C7 /* Release */ = {
			isa = XCBuildConfiguration;
			buildSettings = {
				COMBINE_HIDPI_IMAGES = YES;
				INFOPLIST_FILE = QuestionTests/Info.plist;
				LD_RUNPATH_SEARCH_PATHS = "$(inherited) @executable_path/../Frameworks @loader_path/../Frameworks";
				PRODUCT_BUNDLE_IDENTIFIER = jp.nyoho.QuestionTests;
				PRODUCT_NAME = "$(TARGET_NAME)";
				SWIFT_VERSION = 4.2;
			};
			name = Release;
		};
/* End XCBuildConfiguration section */

/* Begin XCConfigurationList section */
		55048C6F1C8E8FD4000A3A64 /* Build configuration list for PBXNativeTarget "QuestionExample" */ = {
			isa = XCConfigurationList;
			buildConfigurations = (
				55048C701C8E8FD4000A3A64 /* Debug */,
				55048C711C8E8FD4000A3A64 /* Release */,
			);
			defaultConfigurationIsVisible = 0;
			defaultConfigurationName = Release;
		};
		55048C721C8E8FD4000A3A64 /* Build configuration list for PBXNativeTarget "QuestionExampleTests" */ = {
			isa = XCConfigurationList;
			buildConfigurations = (
				55048C731C8E8FD4000A3A64 /* Debug */,
				55048C741C8E8FD4000A3A64 /* Release */,
			);
			defaultConfigurationIsVisible = 0;
			defaultConfigurationName = Release;
		};
		55048C751C8E8FD4000A3A64 /* Build configuration list for PBXNativeTarget "QuestionExampleUITests" */ = {
			isa = XCConfigurationList;
			buildConfigurations = (
				55048C761C8E8FD4000A3A64 /* Debug */,
				55048C771C8E8FD4000A3A64 /* Release */,
			);
			defaultConfigurationIsVisible = 0;
			defaultConfigurationName = Release;
		};
		55CFE21F1C85588D001160C7 /* Build configuration list for PBXProject "Question" */ = {
			isa = XCConfigurationList;
			buildConfigurations = (
				55CFE2371C85588D001160C7 /* Debug */,
				55CFE2381C85588D001160C7 /* Release */,
			);
			defaultConfigurationIsVisible = 0;
			defaultConfigurationName = Release;
		};
		55CFE2391C85588D001160C7 /* Build configuration list for PBXNativeTarget "Question" */ = {
			isa = XCConfigurationList;
			buildConfigurations = (
				55CFE23A1C85588D001160C7 /* Debug */,
				55CFE23B1C85588D001160C7 /* Release */,
			);
			defaultConfigurationIsVisible = 0;
			defaultConfigurationName = Release;
		};
		55CFE23C1C85588D001160C7 /* Build configuration list for PBXNativeTarget "QuestionTests" */ = {
			isa = XCConfigurationList;
			buildConfigurations = (
				55CFE23D1C85588D001160C7 /* Debug */,
				55CFE23E1C85588D001160C7 /* Release */,
			);
			defaultConfigurationIsVisible = 0;
			defaultConfigurationName = Release;
		};
/* End XCConfigurationList section */
	};
	rootObject = 55CFE21C1C85588D001160C7 /* Project object */;
}
